
Microsoft Visual Studio Solution File, Format Version 12.00
# Visual Studio 15
VisualStudioVersion = 15.0.28010.2003
MinimumVisualStudioVersion = 10.0.40219.1
Project("{FAE04EC0-301F-11D3-BF4B-00C04F79EFBC}") = "modelFat", "modelFat\modelFat.csproj", "{6DDB3585-5D95-42FA-B670-862D07286EE5}"
EndProject
Global
	GlobalSection(SolutionConfigurationPlatforms) = preSolution
		Debug|Any CPU = Debug|Any CPU
		Release|Any CPU = Release|Any CPU
	EndGlobalSection
	GlobalSection(ProjectConfigurationPlatforms) = postSolution
		{6DDB3585-5D95-42FA-B670-862D07286EE5}.Debug|Any CPU.ActiveCfg = Debug|Any CPU
		{6DDB3585-5D95-42FA-B670-862D07286EE5}.Debug|Any CPU.Build.0 = Debug|Any CPU
		{6DDB3585-5D95-42FA-B670-862D07286EE5}.Release|Any CPU.ActiveCfg = Release|Any CPU
		{6DDB3585-5D95-42FA-B670-862D07286EE5}.Release|Any CPU.Build.0 = Release|Any CPU
	EndGlobalSection
	GlobalSection(SolutionProperties) = preSolution
		HideSolutionNode = FALSE
	EndGlobalSection
	GlobalSection(ExtensibilityGlobals) = postSolution
		SolutionGuid = {0BA4413B-AD8A-4302-8FB2-58CE8F74F707}
	EndGlobalSection
EndGlobal
